
Microsoft Visual Studio Solution File, Format Version 12.00
# Visual Studio Version 17
VisualStudioVersion = 17.0.32112.339
MinimumVisualStudioVersion = 10.0.40219.1
Project("{9A19103F-16F7-4668-BE54-9A1E7A4F7556}") = "blazor_pivottable", "blazor_pivottable.csproj", "{80F90ABE-3ABC-46B2-9BFD-9FD00BA7960C}"
EndProject
Global
	GlobalSection(SolutionConfigurationPlatforms) = preSolution
		Debug|Any CPU = Debug|Any CPU
		Release|Any CPU = Release|Any CPU
	EndGlobalSection
	GlobalSection(ProjectConfigurationPlatforms) = postSolution
		{80F90ABE-3ABC-46B2-9BFD-9FD00BA7960C}.Debug|Any CPU.ActiveCfg = Debug|Any CPU
		{80F90ABE-3ABC-46B2-9BFD-9FD00BA7960C}.Debug|Any CPU.Build.0 = Debug|Any CPU
		{80F90ABE-3ABC-46B2-9BFD-9FD00BA7960C}.Release|Any CPU.ActiveCfg = Release|Any CPU
		{80F90ABE-3ABC-46B2-9BFD-9FD00BA7960C}.Release|Any CPU.Build.0 = Release|Any CPU
	EndGlobalSection
	GlobalSection(SolutionProperties) = preSolution
		HideSolutionNode = FALSE
	EndGlobalSection
	GlobalSection(ExtensibilityGlobals) = postSolution
		SolutionGuid = {0D7D460D-E97B-426C-A666-CD0E142AA32C}
	EndGlobalSection
EndGlobal
