
Microsoft Visual Studio Solution File, Format Version 12.00
# Visual Studio Version 17
VisualStudioVersion = 17.0.32112.339
MinimumVisualStudioVersion = 10.0.40219.1
Project("{FAE04EC0-301F-11D3-BF4B-00C04F79EFBC}") = "HubServiceInterfaces", "HubServiceInterfaces\HubServiceInterfaces.csproj", "{C1567879-1B6A-4F44-83FC-0F2ECD3CCA66}"
EndProject
Project("{FAE04EC0-301F-11D3-BF4B-00C04F79EFBC}") = "blazor_pivottable", "blazor_pivottable\blazor_pivottable.csproj", "{9BE94122-0009-423A-A3B2-1CBBE51FADCA}"
EndProject
Project("{FAE04EC0-301F-11D3-BF4B-00C04F79EFBC}") = "Server", "Server\Server.csproj", "{294DA30B-43FC-4259-8EEA-343F7D22EE84}"
EndProject
Global
	GlobalSection(SolutionConfigurationPlatforms) = preSolution
		Debug|Any CPU = Debug|Any CPU
		Release|Any CPU = Release|Any CPU
	EndGlobalSection
	GlobalSection(ProjectConfigurationPlatforms) = postSolution
		{C1567879-1B6A-4F44-83FC-0F2ECD3CCA66}.Debug|Any CPU.ActiveCfg = Debug|Any CPU
		{C1567879-1B6A-4F44-83FC-0F2ECD3CCA66}.Debug|Any CPU.Build.0 = Debug|Any CPU
		{C1567879-1B6A-4F44-83FC-0F2ECD3CCA66}.Release|Any CPU.ActiveCfg = Release|Any CPU
		{C1567879-1B6A-4F44-83FC-0F2ECD3CCA66}.Release|Any CPU.Build.0 = Release|Any CPU
		{9BE94122-0009-423A-A3B2-1CBBE51FADCA}.Debug|Any CPU.ActiveCfg = Debug|Any CPU
		{9BE94122-0009-423A-A3B2-1CBBE51FADCA}.Debug|Any CPU.Build.0 = Debug|Any CPU
		{9BE94122-0009-423A-A3B2-1CBBE51FADCA}.Release|Any CPU.ActiveCfg = Release|Any CPU
		{9BE94122-0009-423A-A3B2-1CBBE51FADCA}.Release|Any CPU.Build.0 = Release|Any CPU
		{294DA30B-43FC-4259-8EEA-343F7D22EE84}.Debug|Any CPU.ActiveCfg = Debug|Any CPU
		{294DA30B-43FC-4259-8EEA-343F7D22EE84}.Debug|Any CPU.Build.0 = Debug|Any CPU
		{294DA30B-43FC-4259-8EEA-343F7D22EE84}.Release|Any CPU.ActiveCfg = Release|Any CPU
		{294DA30B-43FC-4259-8EEA-343F7D22EE84}.Release|Any CPU.Build.0 = Release|Any CPU
	EndGlobalSection
	GlobalSection(SolutionProperties) = preSolution
		HideSolutionNode = FALSE
	EndGlobalSection
	GlobalSection(ExtensibilityGlobals) = postSolution
		SolutionGuid = {0D7D460D-E97B-426C-A666-CD0E142AA32C}
	EndGlobalSection
EndGlobal
